
Microsoft Visual Studio Solution File, Format Version 12.00
Project("{FAE04EC0-301F-11D3-BF4B-00C04F79EFBC}") = "Birds.Presentation", "src\Birds.Presentation\Birds.Presentation.csproj", "{F91FDDA3-F302-4700-A176-464AA7AA8FBF}"
EndProject
Project("{FAE04EC0-301F-11D3-BF4B-00C04F79EFBC}") = "Birds.Core", "src\Birds.Core\Birds.Core.csproj", "{B9439F6D-2C70-4A61-9826-1B03A677C0CD}"
EndProject
Project("{FAE04EC0-301F-11D3-BF4B-00C04F79EFBC}") = "Birds.Evolution", "src\Birds.Evolution\Birds.Evolution.csproj", "{57085CEB-F3C7-4891-915B-160F44CE0767}"
EndProject
Project("{FAE04EC0-301F-11D3-BF4B-00C04F79EFBC}") = "Birds.NeuralNetwork", "src\Birds.NeuralNetwork\Birds.NeuralNetwork.csproj", "{DCD2A20B-5869-4120-AACE-9629074BA6B2}"
EndProject
Project("{FAE04EC0-301F-11D3-BF4B-00C04F79EFBC}") = "Birds.Simulation", "src\Birds.Simulation\Birds.Simulation.csproj", "{122EE599-95A0-4B9D-BED8-B198C98DF83F}"
EndProject
Project("{2150E333-8FDC-42A3-9474-1A3956D46DE8}") = "common", "common", "{B5BE0F2E-BE29-4DAF-A185-8E357705A900}"
	ProjectSection(SolutionItems) = preProject
		.editorconfig = .editorconfig
		.gitattributes = .gitattributes
		.gitignore = .gitignore
		Directory.Build.props = Directory.Build.props
		Directory.Build.targets = Directory.Build.targets
	EndProjectSection
EndProject
Project("{2150E333-8FDC-42A3-9474-1A3956D46DE8}") = "src", "src", "{A3B6DD2C-11E3-4EF1-8BC7-CCCC1ABD6395}"
EndProject
Global
	GlobalSection(SolutionConfigurationPlatforms) = preSolution
		Debug|Any CPU = Debug|Any CPU
		Release|Any CPU = Release|Any CPU
	EndGlobalSection
	GlobalSection(ProjectConfigurationPlatforms) = postSolution
		{F91FDDA3-F302-4700-A176-464AA7AA8FBF}.Debug|Any CPU.ActiveCfg = Debug|Any CPU
		{F91FDDA3-F302-4700-A176-464AA7AA8FBF}.Debug|Any CPU.Build.0 = Debug|Any CPU
		{F91FDDA3-F302-4700-A176-464AA7AA8FBF}.Release|Any CPU.ActiveCfg = Release|Any CPU
		{F91FDDA3-F302-4700-A176-464AA7AA8FBF}.Release|Any CPU.Build.0 = Release|Any CPU
		{B9439F6D-2C70-4A61-9826-1B03A677C0CD}.Debug|Any CPU.ActiveCfg = Debug|Any CPU
		{B9439F6D-2C70-4A61-9826-1B03A677C0CD}.Debug|Any CPU.Build.0 = Debug|Any CPU
		{B9439F6D-2C70-4A61-9826-1B03A677C0CD}.Release|Any CPU.ActiveCfg = Release|Any CPU
		{B9439F6D-2C70-4A61-9826-1B03A677C0CD}.Release|Any CPU.Build.0 = Release|Any CPU
		{57085CEB-F3C7-4891-915B-160F44CE0767}.Debug|Any CPU.ActiveCfg = Debug|Any CPU
		{57085CEB-F3C7-4891-915B-160F44CE0767}.Debug|Any CPU.Build.0 = Debug|Any CPU
		{57085CEB-F3C7-4891-915B-160F44CE0767}.Release|Any CPU.ActiveCfg = Release|Any CPU
		{57085CEB-F3C7-4891-915B-160F44CE0767}.Release|Any CPU.Build.0 = Release|Any CPU
		{DCD2A20B-5869-4120-AACE-9629074BA6B2}.Debug|Any CPU.ActiveCfg = Debug|Any CPU
		{DCD2A20B-5869-4120-AACE-9629074BA6B2}.Debug|Any CPU.Build.0 = Debug|Any CPU
		{DCD2A20B-5869-4120-AACE-9629074BA6B2}.Release|Any CPU.ActiveCfg = Release|Any CPU
		{DCD2A20B-5869-4120-AACE-9629074BA6B2}.Release|Any CPU.Build.0 = Release|Any CPU
		{122EE599-95A0-4B9D-BED8-B198C98DF83F}.Debug|Any CPU.ActiveCfg = Debug|Any CPU
		{122EE599-95A0-4B9D-BED8-B198C98DF83F}.Debug|Any CPU.Build.0 = Debug|Any CPU
		{122EE599-95A0-4B9D-BED8-B198C98DF83F}.Release|Any CPU.ActiveCfg = Release|Any CPU
		{122EE599-95A0-4B9D-BED8-B198C98DF83F}.Release|Any CPU.Build.0 = Release|Any CPU
	EndGlobalSection
	GlobalSection(NestedProjects) = preSolution
		{B9439F6D-2C70-4A61-9826-1B03A677C0CD} = {A3B6DD2C-11E3-4EF1-8BC7-CCCC1ABD6395}
		{57085CEB-F3C7-4891-915B-160F44CE0767} = {A3B6DD2C-11E3-4EF1-8BC7-CCCC1ABD6395}
		{DCD2A20B-5869-4120-AACE-9629074BA6B2} = {A3B6DD2C-11E3-4EF1-8BC7-CCCC1ABD6395}
		{F91FDDA3-F302-4700-A176-464AA7AA8FBF} = {A3B6DD2C-11E3-4EF1-8BC7-CCCC1ABD6395}
		{122EE599-95A0-4B9D-BED8-B198C98DF83F} = {A3B6DD2C-11E3-4EF1-8BC7-CCCC1ABD6395}
	EndGlobalSection
EndGlobal
